// !$*UTF8*$!
{
	archiveVersion = 1;
	classes = {
	};
	objectVersion = 50;
	objects = {

/* Begin PBXBuildFile section */
		2FA2433F2230C91D0095840A /* AppDelegate.swift in Sources */ = {isa = PBXBuildFile; fileRef = 2FA2433E2230C91D0095840A /* AppDelegate.swift */; };
		2FA243412230C91D0095840A /* ViewController.swift in Sources */ = {isa = PBXBuildFile; fileRef = 2FA243402230C91D0095840A /* ViewController.swift */; };
		2FA243442230C91D0095840A /* Main.storyboard in Resources */ = {isa = PBXBuildFile; fileRef = 2FA243422230C91D0095840A /* Main.storyboard */; };
		2FA243462230C91E0095840A /* Assets.xcassets in Resources */ = {isa = PBXBuildFile; fileRef = 2FA243452230C91E0095840A /* Assets.xcassets */; };
		2FA243492230C91E0095840A /* LaunchScreen.storyboard in Resources */ = {isa = PBXBuildFile; fileRef = 2FA243472230C91E0095840A /* LaunchScreen.storyboard */; };
		2FA243542230C91E0095840A /* TestTests.swift in Sources */ = {isa = PBXBuildFile; fileRef = 2FA243532230C91E0095840A /* TestTests.swift */; };
		2FA2435F2230C91E0095840A /* TestUITests.swift in Sources */ = {isa = PBXBuildFile; fileRef = 2FA2435E2230C91E0095840A /* TestUITests.swift */; };
		2FA2436D2230C93C0095840A /* Person.swift in Sources */ = {isa = PBXBuildFile; fileRef = 2FA2436C2230C93C0095840A /* Person.swift */; };
		2FA2437122323F890095840A /* Son.m in Sources */ = {isa = PBXBuildFile; fileRef = 2FA2437022323F890095840A /* Son.m */; };
/* End PBXBuildFile section */

/* Begin PBXContainerItemProxy section */
		2FA243502230C91E0095840A /* PBXContainerItemProxy */ = {
			isa = PBXContainerItemProxy;
			containerPortal = 2FA243332230C91D0095840A /* Project object */;
			proxyType = 1;
			remoteGlobalIDString = 2FA2433A2230C91D0095840A;
			remoteInfo = Test;
		};
		2FA2435B2230C91E0095840A /* PBXContainerItemProxy */ = {
			isa = PBXContainerItemProxy;
			containerPortal = 2FA243332230C91D0095840A /* Project object */;
			proxyType = 1;
			remoteGlobalIDString = 2FA2433A2230C91D0095840A;
			remoteInfo = Test;
		};
/* End PBXContainerItemProxy section */

/* Begin PBXFileReference section */
		2FA2433B2230C91D0095840A /* Test.app */ = {isa = PBXFileReference; explicitFileType = wrapper.application; includeInIndex = 0; path = Test.app; sourceTree = BUILT_PRODUCTS_DIR; };
		2FA2433E2230C91D0095840A /* AppDelegate.swift */ = {isa = PBXFileReference; lastKnownFileType = sourcecode.swift; path = AppDelegate.swift; sourceTree = "<group>"; };
		2FA243402230C91D0095840A /* ViewController.swift */ = {isa = PBXFileReference; lastKnownFileType = sourcecode.swift; path = ViewController.swift; sourceTree = "<group>"; };
		2FA243432230C91D0095840A /* Base */ = {isa = PBXFileReference; lastKnownFileType = file.storyboard; name = Base; path = Base.lproj/Main.storyboard; sourceTree = "<group>"; };
		2FA243452230C91E0095840A /* Assets.xcassets */ = {isa = PBXFileReference; lastKnownFileType = folder.assetcatalog; path = Assets.xcassets; sourceTree = "<group>"; };
		2FA243482230C91E0095840A /* Base */ = {isa = PBXFileReference; lastKnownFileType = file.storyboard; name = Base; path = Base.lproj/LaunchScreen.storyboard; sourceTree = "<group>"; };
		2FA2434A2230C91E0095840A /* Info.plist */ = {isa = PBXFileReference; lastKnownFileType = text.plist.xml; path = Info.plist; sourceTree = "<group>"; };
		2FA2434F2230C91E0095840A /* TestTests.xctest */ = {isa = PBXFileReference; explicitFileType = wrapper.cfbundle; includeInIndex = 0; path = TestTests.xctest; sourceTree = BUILT_PRODUCTS_DIR; };
		2FA243532230C91E0095840A /* TestTests.swift */ = {isa = PBXFileReference; lastKnownFileType = sourcecode.swift; path = TestTests.swift; sourceTree = "<group>"; };
		2FA243552230C91E0095840A /* Info.plist */ = {isa = PBXFileReference; lastKnownFileType = text.plist.xml; path = Info.plist; sourceTree = "<group>"; };
		2FA2435A2230C91E0095840A /* TestUITests.xctest */ = {isa = PBXFileReference; explicitFileType = wrapper.cfbundle; includeInIndex = 0; path = TestUITests.xctest; sourceTree = BUILT_PRODUCTS_DIR; };
		2FA2435E2230C91E0095840A /* TestUITests.swift */ = {isa = PBXFileReference; lastKnownFileType = sourcecode.swift; path = TestUITests.swift; sourceTree = "<group>"; };
		2FA243602230C91E0095840A /* Info.plist */ = {isa = PBXFileReference; lastKnownFileType = text.plist.xml; path = Info.plist; sourceTree = "<group>"; };
		2FA2436C2230C93C0095840A /* Person.swift */ = {isa = PBXFileReference; lastKnownFileType = sourcecode.swift; path = Person.swift; sourceTree = "<group>"; };
		2FA2436E22323F880095840A /* Test-Bridging-Header.h */ = {isa = PBXFileReference; lastKnownFileType = sourcecode.c.h; path = "Test-Bridging-Header.h"; sourceTree = "<group>"; };
		2FA2436F22323F890095840A /* Son.h */ = {isa = PBXFileReference; lastKnownFileType = sourcecode.c.h; path = Son.h; sourceTree = "<group>"; };
		2FA2437022323F890095840A /* Son.m */ = {isa = PBXFileReference; lastKnownFileType = sourcecode.c.objc; path = Son.m; sourceTree = "<group>"; };
/* End PBXFileReference section */

/* Begin PBXFrameworksBuildPhase section */
		2FA243382230C91D0095840A /* Frameworks */ = {
			isa = PBXFrameworksBuildPhase;
			buildActionMask = 2147483647;
			files = (
			);
			runOnlyForDeploymentPostprocessing = 0;
		};
		2FA2434C2230C91E0095840A /* Frameworks */ = {
			isa = PBXFrameworksBuildPhase;
			buildActionMask = 2147483647;
			files = (
			);
			runOnlyForDeploymentPostprocessing = 0;
		};
		2FA243572230C91E0095840A /* Frameworks */ = {
			isa = PBXFrameworksBuildPhase;
			buildActionMask = 2147483647;
			files = (
			);
			runOnlyForDeploymentPostprocessing = 0;
		};
/* End PBXFrameworksBuildPhase section */

/* Begin PBXGroup section */
		2FA243322230C91D0095840A = {
			isa = PBXGroup;
			children = (
				2FA2433D2230C91D0095840A /* Test */,
				2FA243522230C91E0095840A /* TestTests */,
				2FA2435D2230C91E0095840A /* TestUITests */,
				2FA2433C2230C91D0095840A /* Products */,
			);
			sourceTree = "<group>";
		};
		2FA2433C2230C91D0095840A /* Products */ = {
			isa = PBXGroup;
			children = (
				2FA2433B2230C91D0095840A /* Test.app */,
				2FA2434F2230C91E0095840A /* TestTests.xctest */,
				2FA2435A2230C91E0095840A /* TestUITests.xctest */,
			);
			name = Products;
			sourceTree = "<group>";
		};
		2FA2433D2230C91D0095840A /* Test */ = {
			isa = PBXGroup;
			children = (
				2FA2433E2230C91D0095840A /* AppDelegate.swift */,
				2FA243402230C91D0095840A /* ViewController.swift */,
				2FA2436F22323F890095840A /* Son.h */,
				2FA2437022323F890095840A /* Son.m */,
				2FA2436C2230C93C0095840A /* Person.swift */,
				2FA243422230C91D0095840A /* Main.storyboard */,
				2FA243452230C91E0095840A /* Assets.xcassets */,
				2FA243472230C91E0095840A /* LaunchScreen.storyboard */,
				2FA2434A2230C91E0095840A /* Info.plist */,
				2FA2436E22323F880095840A /* Test-Bridging-Header.h */,
			);
			path = Test;
			sourceTree = "<group>";
		};
		2FA243522230C91E0095840A /* TestTests */ = {
			isa = PBXGroup;
			children = (
				2FA243532230C91E0095840A /* TestTests.swift */,
				2FA243552230C91E0095840A /* Info.plist */,
			);
			path = TestTests;
			sourceTree = "<group>";
		};
		2FA2435D2230C91E0095840A /* TestUITests */ = {
			isa = PBXGroup;
			children = (
				2FA2435E2230C91E0095840A /* TestUITests.swift */,
				2FA243602230C91E0095840A /* Info.plist */,
			);
			path = TestUITests;
			sourceTree = "<group>";
		};
/* End PBXGroup section */

/* Begin PBXNativeTarget section */
		2FA2433A2230C91D0095840A /* Test */ = {
			isa = PBXNativeTarget;
			buildConfigurationList = 2FA243632230C91E0095840A /* Build configuration list for PBXNativeTarget "Test" */;
			buildPhases = (
				2FA243372230C91D0095840A /* Sources */,
				2FA243382230C91D0095840A /* Frameworks */,
				2FA243392230C91D0095840A /* Resources */,
			);
			buildRules = (
			);
			dependencies = (
			);
			name = Test;
			productName = Test;
			productReference = 2FA2433B2230C91D0095840A /* Test.app */;
			productType = "com.apple.product-type.application";
		};
		2FA2434E2230C91E0095840A /* TestTests */ = {
			isa = PBXNativeTarget;
			buildConfigurationList = 2FA243662230C91E0095840A /* Build configuration list for PBXNativeTarget "TestTests" */;
			buildPhases = (
				2FA2434B2230C91E0095840A /* Sources */,
				2FA2434C2230C91E0095840A /* Frameworks */,
				2FA2434D2230C91E0095840A /* Resources */,
			);
			buildRules = (
			);
			dependencies = (
				2FA243512230C91E0095840A /* PBXTargetDependency */,
			);
			name = TestTests;
			productName = TestTests;
			productReference = 2FA2434F2230C91E0095840A /* TestTests.xctest */;
			productType = "com.apple.product-type.bundle.unit-test";
		};
		2FA243592230C91E0095840A /* TestUITests */ = {
			isa = PBXNativeTarget;
			buildConfigurationList = 2FA243692230C91E0095840A /* Build configuration list for PBXNativeTarget "TestUITests" */;
			buildPhases = (
				2FA243562230C91E0095840A /* Sources */,
				2FA243572230C91E0095840A /* Frameworks */,
				2FA243582230C91E0095840A /* Resources */,
			);
			buildRules = (
			);
			dependencies = (
				2FA2435C2230C91E0095840A /* PBXTargetDependency */,
			);
			name = TestUITests;
			productName = TestUITests;
			productReference = 2FA2435A2230C91E0095840A /* TestUITests.xctest */;
			productType = "com.apple.product-type.bundle.ui-testing";
		};
/* End PBXNativeTarget section */

/* Begin PBXProject section */
		2FA243332230C91D0095840A /* Project object */ = {
			isa = PBXProject;
			attributes = {
				LastSwiftUpdateCheck = 1010;
				LastUpgradeCheck = 1010;
				ORGANIZATIONNAME = XingYeTechnology;
				TargetAttributes = {
					2FA2433A2230C91D0095840A = {
						CreatedOnToolsVersion = 10.1;
						LastSwiftMigration = 1010;
					};
					2FA2434E2230C91E0095840A = {
						CreatedOnToolsVersion = 10.1;
						TestTargetID = 2FA2433A2230C91D0095840A;
					};
					2FA243592230C91E0095840A = {
						CreatedOnToolsVersion = 10.1;
						TestTargetID = 2FA2433A2230C91D0095840A;
					};
				};
			};
			buildConfigurationList = 2FA243362230C91D0095840A /* Build configuration list for PBXProject "Test" */;
			compatibilityVersion = "Xcode 9.3";
			developmentRegion = en;
			hasScannedForEncodings = 0;
			knownRegions = (
				en,
				Base,
			);
			mainGroup = 2FA243322230C91D0095840A;
			productRefGroup = 2FA2433C2230C91D0095840A /* Products */;
			projectDirPath = "";
			projectRoot = "";
			targets = (
				2FA2433A2230C91D0095840A /* Test */,
				2FA2434E2230C91E0095840A /* TestTests */,
				2FA243592230C91E0095840A /* TestUITests */,
			);
		};
/* End PBXProject section */

/* Begin PBXResourcesBuildPhase section */
		2FA243392230C91D0095840A /* Resources */ = {
			isa = PBXResourcesBuildPhase;
			buildActionMask = 2147483647;
			files = (
				2FA243492230C91E0095840A /* LaunchScreen.storyboard in Resources */,
				2FA243462230C91E0095840A /* Assets.xcassets in Resources */,
				2FA243442230C91D0095840A /* Main.storyboard in Resources */,
			);
			runOnlyForDeploymentPostprocessing = 0;
		};
		2FA2434D2230C91E0095840A /* Resources */ = {
			isa = PBXResourcesBuildPhase;
			buildActionMask = 2147483647;
			files = (
			);
			runOnlyForDeploymentPostprocessing = 0;
		};
		2FA243582230C91E0095840A /* Resources */ = {
			isa = PBXResourcesBuildPhase;
			buildActionMask = 2147483647;
			files = (
			);
			runOnlyForDeploymentPostprocessing = 0;
		};
/* End PBXResourcesBuildPhase section */

/* Begin PBXSourcesBuildPhase section */
		2FA243372230C91D0095840A /* Sources */ = {
			isa = PBXSourcesBuildPhase;
			buildActionMask = 2147483647;
			files = (
				2FA2437122323F890095840A /* Son.m in Sources */,
				2FA2436D2230C93C0095840A /* Person.swift in Sources */,
				2FA243412230C91D0095840A /* ViewController.swift in Sources */,
				2FA2433F2230C91D0095840A /* AppDelegate.swift in Sources */,
			);
			runOnlyForDeploymentPostprocessing = 0;
		};
		2FA2434B2230C91E0095840A /* Sources */ = {
			isa = PBXSourcesBuildPhase;
			buildActionMask = 2147483647;
			files = (
				2FA243542230C91E0095840A /* TestTests.swift in Sources */,
			);
			runOnlyForDeploymentPostprocessing = 0;
		};
		2FA243562230C91E0095840A /* Sources */ = {
			isa = PBXSourcesBuildPhase;
			buildActionMask = 2147483647;
			files = (
				2FA2435F2230C91E0095840A /* TestUITests.swift in Sources */,
			);
			runOnlyForDeploymentPostprocessing = 0;
		};
/* End PBXSourcesBuildPhase section */

/* Begin PBXTargetDependency section */
		2FA243512230C91E0095840A /* PBXTargetDependency */ = {
			isa = PBXTargetDependency;
			target = 2FA2433A2230C91D0095840A /* Test */;
			targetProxy = 2FA243502230C91E0095840A /* PBXContainerItemProxy */;
		};
		2FA2435C2230C91E0095840A /* PBXTargetDependency */ = {
			isa = PBXTargetDependency;
			target = 2FA2433A2230C91D0095840A /* Test */;
			targetProxy = 2FA2435B2230C91E0095840A /* PBXContainerItemProxy */;
		};
/* End PBXTargetDependency section */

/* Begin PBXVariantGroup section */
		2FA243422230C91D0095840A /* Main.storyboard */ = {
			isa = PBXVariantGroup;
			children = (
				2FA243432230C91D0095840A /* Base */,
			);
			name = Main.storyboard;
			sourceTree = "<group>";
		};
		2FA243472230C91E0095840A /* LaunchScreen.storyboard */ = {
			isa = PBXVariantGroup;
			children = (
				2FA243482230C91E0095840A /* Base */,
			);
			name = LaunchScreen.storyboard;
			sourceTree = "<group>";
		};
/* End PBXVariantGroup section */

/* Begin XCBuildConfiguration section */
		2FA243612230C91E0095840A /* Debug */ = {
			isa = XCBuildConfiguration;
			buildSettings = {
				ALWAYS_SEARCH_USER_PATHS = NO;
				CLANG_ANALYZER_NONNULL = YES;
				CLANG_ANALYZER_NUMBER_OBJECT_CONVERSION = YES_AGGRESSIVE;
				CLANG_CXX_LANGUAGE_STANDARD = "gnu++14";
				CLANG_CXX_LIBRARY = "libc++";
				CLANG_ENABLE_MODULES = YES;
				CLANG_ENABLE_OBJC_ARC = YES;
				CLANG_ENABLE_OBJC_WEAK = YES;
				CLANG_WARN_BLOCK_CAPTURE_AUTORELEASING = YES;
				CLANG_WARN_BOOL_CONVERSION = YES;
				CLANG_WARN_COMMA = YES;
				CLANG_WARN_CONSTANT_CONVERSION = YES;
				CLANG_WARN_DEPRECATED_OBJC_IMPLEMENTATIONS = YES;
				CLANG_WARN_DIRECT_OBJC_ISA_USAGE = YES_ERROR;
				CLANG_WARN_DOCUMENTATION_COMMENTS = YES;
				CLANG_WARN_EMPTY_BODY = YES;
				CLANG_WARN_ENUM_CONVERSION = YES;
				CLANG_WARN_INFINITE_RECURSION = YES;
				CLANG_WARN_INT_CONVERSION = YES;
				CLANG_WARN_NON_LITERAL_NULL_CONVERSION = YES;
				CLANG_WARN_OBJC_IMPLICIT_RETAIN_SELF = YES;
				CLANG_WARN_OBJC_LITERAL_CONVERSION = YES;
				CLANG_WARN_OBJC_ROOT_CLASS = YES_ERROR;
				CLANG_WARN_RANGE_LOOP_ANALYSIS = YES;
				CLANG_WARN_STRICT_PROTOTYPES = YES;
				CLANG_WARN_SUSPICIOUS_MOVE = YES;
				CLANG_WARN_UNGUARDED_AVAILABILITY = YES_AGGRESSIVE;
				CLANG_WARN_UNREACHABLE_CODE = YES;
				CLANG_WARN__DUPLICATE_METHOD_MATCH = YES;
				CODE_SIGN_IDENTITY = "iPhone Developer";
				COPY_PHASE_STRIP = NO;
				DEBUG_INFORMATION_FORMAT = dwarf;
				ENABLE_STRICT_OBJC_MSGSEND = YES;
				ENABLE_TESTABILITY = YES;
				GCC_C_LANGUAGE_STANDARD = gnu11;
				GCC_DYNAMIC_NO_PIC = NO;
				GCC_NO_COMMON_BLOCKS = YES;
				GCC_OPTIMIZATION_LEVEL = 0;
				GCC_PREPROCESSOR_DEFINITIONS = (
					"DEBUG=1",
					"$(inherited)",
				);
				GCC_WARN_64_TO_32_BIT_CONVERSION = YES;
				GCC_WARN_ABOUT_RETURN_TYPE = YES_ERROR;
				GCC_WARN_UNDECLARED_SELECTOR = YES;
				GCC_WARN_UNINITIALIZED_AUTOS = YES_AGGRESSIVE;
				GCC_WARN_UNUSED_FUNCTION = YES;
				GCC_WARN_UNUSED_VARIABLE = YES;
				IPHONEOS_DEPLOYMENT_TARGET = 12.1;
				MTL_ENABLE_DEBUG_INFO = INCLUDE_SOURCE;
				MTL_FAST_MATH = YES;
				ONLY_ACTIVE_ARCH = YES;
				SDKROOT = iphoneos;
				SWIFT_ACTIVE_COMPILATION_CONDITIONS = DEBUG;
				SWIFT_OPTIMIZATION_LEVEL = "-Onone";
			};
			name = Debug;
		};
		2FA243622230C91E0095840A /* Release */ = {
			isa = XCBuildConfiguration;
			buildSettings = {
				ALWAYS_SEARCH_USER_PATHS = NO;
				CLANG_ANALYZER_NONNULL = YES;
				CLANG_ANALYZER_NUMBER_OBJECT_CONVERSION = YES_AGGRESSIVE;
				CLANG_CXX_LANGUAGE_STANDARD = "gnu++14";
				CLANG_CXX_LIBRARY = "libc++";
				CLANG_ENABLE_MODULES = YES;
				CLANG_ENABLE_OBJC_ARC = YES;
				CLANG_ENABLE_OBJC_WEAK = YES;
				CLANG_WARN_BLOCK_CAPTURE_AUTORELEASING = YES;
				CLANG_WARN_BOOL_CONVERSION = YES;
				CLANG_WARN_COMMA = YES;
				CLANG_WARN_CONSTANT_CONVERSION = YES;
				CLANG_WARN_DEPRECATED_OBJC_IMPLEMENTATIONS = YES;
				CLANG_WARN_DIRECT_OBJC_ISA_USAGE = YES_ERROR;
				CLANG_WARN_DOCUMENTATION_COMMENTS = YES;
				CLANG_WARN_EMPTY_BODY = YES;
				CLANG_WARN_ENUM_CONVERSION = YES;
				CLANG_WARN_INFINITE_RECURSION = YES;
				CLANG_WARN_INT_CONVERSION = YES;
				CLANG_WARN_NON_LITERAL_NULL_CONVERSION = YES;
				CLANG_WARN_OBJC_IMPLICIT_RETAIN_SELF = YES;
				CLANG_WARN_OBJC_LITERAL_CONVERSION = YES;
				CLANG_WARN_OBJC_ROOT_CLASS = YES_ERROR;
				CLANG_WARN_RANGE_LOOP_ANALYSIS = YES;
				CLANG_WARN_STRICT_PROTOTYPES = YES;
				CLANG_WARN_SUSPICIOUS_MOVE = YES;
				CLANG_WARN_UNGUARDED_AVAILABILITY = YES_AGGRESSIVE;
				CLANG_WARN_UNREACHABLE_CODE = YES;
				CLANG_WARN__DUPLICATE_METHOD_MATCH = YES;
				CODE_SIGN_IDENTITY = "iPhone Developer";
				COPY_PHASE_STRIP = NO;
				DEBUG_INFORMATION_FORMAT = "dwarf-with-dsym";
				ENABLE_NS_ASSERTIONS = NO;
				ENABLE_STRICT_OBJC_MSGSEND = YES;
				GCC_C_LANGUAGE_STANDARD = gnu11;
				GCC_NO_COMMON_BLOCKS = YES;
				GCC_WARN_64_TO_32_BIT_CONVERSION = YES;
				GCC_WARN_ABOUT_RETURN_TYPE = YES_ERROR;
				GCC_WARN_UNDECLARED_SELECTOR = YES;
				GCC_WARN_UNINITIALIZED_AUTOS = YES_AGGRESSIVE;
				GCC_WARN_UNUSED_FUNCTION = YES;
				GCC_WARN_UNUSED_VARIABLE = YES;
				IPHONEOS_DEPLOYMENT_TARGET = 12.1;
				MTL_ENABLE_DEBUG_INFO = NO;
				MTL_FAST_MATH = YES;
				SDKROOT = iphoneos;
				SWIFT_COMPILATION_MODE = wholemodule;
				SWIFT_OPTIMIZATION_LEVEL = "-O";
				VALIDATE_PRODUCT = YES;
			};
			name = Release;
		};
		2FA243642230C91E0095840A /* Debug */ = {
			isa = XCBuildConfiguration;
			buildSettings = {
				ASSETCATALOG_COMPILER_APPICON_NAME = AppIcon;
				CLANG_ENABLE_MODULES = YES;
				CODE_SIGN_STYLE = Automatic;
				INFOPLIST_FILE = Test/Info.plist;
				LD_RUNPATH_SEARCH_PATHS = (
					"$(inherited)",
					"@executable_path/Frameworks",
				);
				PRODUCT_BUNDLE_IDENTIFIER = com.sinieco.agmis.jy.Test;
				PRODUCT_NAME = "$(TARGET_NAME)";
				SWIFT_OBJC_BRIDGING_HEADER = "Test/Test-Bridging-Header.h";
				SWIFT_OPTIMIZATION_LEVEL = "-Onone";
				SWIFT_VERSION = 4.2;
				TARGETED_DEVICE_FAMILY = "1,2";
			};
			name = Debug;
		};
		2FA243652230C91E0095840A /* Release */ = {
			isa = XCBuildConfiguration;
			buildSettings = {
				ASSETCATALOG_COMPILER_APPICON_NAME = AppIcon;
				CLANG_ENABLE_MODULES = YES;
				CODE_SIGN_STYLE = Automatic;
				INFOPLIST_FILE = Test/Info.plist;
				LD_RUNPATH_SEARCH_PATHS = (
					"$(inherited)",
					"@executable_path/Frameworks",
				);
				PRODUCT_BUNDLE_IDENTIFIER = com.sinieco.agmis.jy.Test;
				PRODUCT_NAME = "$(TARGET_NAME)";
				SWIFT_OBJC_BRIDGING_HEADER = "Test/Test-Bridging-Header.h";
				SWIFT_VERSION = 4.2;
				TARGETED_DEVICE_FAMILY = "1,2";
			};
			name = Release;
		};
		2FA243672230C91E0095840A /* Debug */ = {
			isa = XCBuildConfiguration;
			buildSettings = {
				ALWAYS_EMBED_SWIFT_STANDARD_LIBRARIES = YES;
				BUNDLE_LOADER = "$(TEST_HOST)";
				CODE_SIGN_STYLE = Automatic;
				INFOPLIST_FILE = TestTests/Info.plist;
				LD_RUNPATH_SEARCH_PATHS = (
					"$(inherited)",
					"@executable_path/Frameworks",
					"@loader_path/Frameworks",
				);
				PRODUCT_BUNDLE_IDENTIFIER = com.sinieco.agmis.jy.TestTests;
				PRODUCT_NAME = "$(TARGET_NAME)";
				SWIFT_VERSION = 4.2;
				TARGETED_DEVICE_FAMILY = "1,2";
				TEST_HOST = "$(BUILT_PRODUCTS_DIR)/Test.app/Test";
			};
			name = Debug;
		};
		2FA243682230C91E0095840A /* Release */ = {
			isa = XCBuildConfiguration;
			buildSettings = {
				ALWAYS_EMBED_SWIFT_STANDARD_LIBRARIES = YES;
				BUNDLE_LOADER = "$(TEST_HOST)";
				CODE_SIGN_STYLE = Automatic;
				INFOPLIST_FILE = TestTests/Info.plist;
				LD_RUNPATH_SEARCH_PATHS = (
					"$(inherited)",
					"@executable_path/Frameworks",
					"@loader_path/Frameworks",
				);
				PRODUCT_BUNDLE_IDENTIFIER = com.sinieco.agmis.jy.TestTests;
				PRODUCT_NAME = "$(TARGET_NAME)";
				SWIFT_VERSION = 4.2;
				TARGETED_DEVICE_FAMILY = "1,2";
				TEST_HOST = "$(BUILT_PRODUCTS_DIR)/Test.app/Test";
			};
			name = Release;
		};
		2FA2436A2230C91E0095840A /* Debug */ = {
			isa = XCBuildConfiguration;
			buildSettings = {
				ALWAYS_EMBED_SWIFT_STANDARD_LIBRARIES = YES;
				CODE_SIGN_STYLE = Automatic;
				INFOPLIST_FILE = TestUITests/Info.plist;
				LD_RUNPATH_SEARCH_PATHS = (
					"$(inherited)",
					"@executable_path/Frameworks",
					"@loader_path/Frameworks",
				);
				PRODUCT_BUNDLE_IDENTIFIER = com.sinieco.agmis.jy.TestUITests;
				PRODUCT_NAME = "$(TARGET_NAME)";
				SWIFT_VERSION = 4.2;
				TARGETED_DEVICE_FAMILY = "1,2";
				TEST_TARGET_NAME = Test;
			};
			name = Debug;
		};
		2FA2436B2230C91E0095840A /* Release */ = {
			isa = XCBuildConfiguration;
			buildSettings = {
				ALWAYS_EMBED_SWIFT_STANDARD_LIBRARIES = YES;
				CODE_SIGN_STYLE = Automatic;
				INFOPLIST_FILE = TestUITests/Info.plist;
				LD_RUNPATH_SEARCH_PATHS = (
					"$(inherited)",
					"@executable_path/Frameworks",
					"@loader_path/Frameworks",
				);
				PRODUCT_BUNDLE_IDENTIFIER = com.sinieco.agmis.jy.TestUITests;
				PRODUCT_NAME = "$(TARGET_NAME)";
				SWIFT_VERSION = 4.2;
				TARGETED_DEVICE_FAMILY = "1,2";
				TEST_TARGET_NAME = Test;
			};
			name = Release;
		};
/* End XCBuildConfiguration section */

/* Begin XCConfigurationList section */
		2FA243362230C91D0095840A /* Build configuration list for PBXProject "Test" */ = {
			isa = XCConfigurationList;
			buildConfigurations = (
				2FA243612230C91E0095840A /* Debug */,
				2FA243622230C91E0095840A /* Release */,
			);
			defaultConfigurationIsVisible = 0;
			defaultConfigurationName = Release;
		};
		2FA243632230C91E0095840A /* Build configuration list for PBXNativeTarget "Test" */ = {
			isa = XCConfigurationList;
			buildConfigurations = (
				2FA243642230C91E0095840A /* Debug */,
				2FA243652230C91E0095840A /* Release */,
			);
			defaultConfigurationIsVisible = 0;
			defaultConfigurationName = Release;
		};
		2FA243662230C91E0095840A /* Build configuration list for PBXNativeTarget "TestTests" */ = {
			isa = XCConfigurationList;
			buildConfigurations = (
				2FA243672230C91E0095840A /* Debug */,
				2FA243682230C91E0095840A /* Release */,
			);
			defaultConfigurationIsVisible = 0;
			defaultConfigurationName = Release;
		};
		2FA243692230C91E0095840A /* Build configuration list for PBXNativeTarget "TestUITests" */ = {
			isa = XCConfigurationList;
			buildConfigurations = (
				2FA2436A2230C91E0095840A /* Debug */,
				2FA2436B2230C91E0095840A /* Release */,
			);
			defaultConfigurationIsVisible = 0;
			defaultConfigurationName = Release;
		};
/* End XCConfigurationList section */
	};
	rootObject = 2FA243332230C91D0095840A /* Project object */;
}
