// !$*UTF8*$!
{
	archiveVersion = 1;
	classes = {
	};
	objectVersion = 50;
	objects = {

/* Begin PBXBuildFile section */
		2F1D8FC3214B3C7400D8A90D /* AppDelegate.swift in Sources */ = {isa = PBXBuildFile; fileRef = 2F1D8FC2214B3C7400D8A90D /* AppDelegate.swift */; };
		2F1D8FC5214B3C7400D8A90D /* ViewController.swift in Sources */ = {isa = PBXBuildFile; fileRef = 2F1D8FC4214B3C7400D8A90D /* ViewController.swift */; };
		2F1D8FC8214B3C7400D8A90D /* Main.storyboard in Resources */ = {isa = PBXBuildFile; fileRef = 2F1D8FC6214B3C7400D8A90D /* Main.storyboard */; };
		2F1D8FCA214B3C7900D8A90D /* Assets.xcassets in Resources */ = {isa = PBXBuildFile; fileRef = 2F1D8FC9214B3C7900D8A90D /* Assets.xcassets */; };
		2F1D8FCD214B3C7900D8A90D /* LaunchScreen.storyboard in Resources */ = {isa = PBXBuildFile; fileRef = 2F1D8FCB214B3C7900D8A90D /* LaunchScreen.storyboard */; };
		2F1D8FD8214B3C7900D8A90D /* swift_learingTests.swift in Sources */ = {isa = PBXBuildFile; fileRef = 2F1D8FD7214B3C7900D8A90D /* swift_learingTests.swift */; };
		2F1D8FE3214B3C7900D8A90D /* swift_learingUITests.swift in Sources */ = {isa = PBXBuildFile; fileRef = 2F1D8FE2214B3C7900D8A90D /* swift_learingUITests.swift */; };
/* End PBXBuildFile section */

/* Begin PBXContainerItemProxy section */
		2F1D8FD4214B3C7900D8A90D /* PBXContainerItemProxy */ = {
			isa = PBXContainerItemProxy;
			containerPortal = 2F1D8FB7214B3C7400D8A90D /* Project object */;
			proxyType = 1;
			remoteGlobalIDString = 2F1D8FBE214B3C7400D8A90D;
			remoteInfo = swift_learing;
		};
		2F1D8FDF214B3C7900D8A90D /* PBXContainerItemProxy */ = {
			isa = PBXContainerItemProxy;
			containerPortal = 2F1D8FB7214B3C7400D8A90D /* Project object */;
			proxyType = 1;
			remoteGlobalIDString = 2F1D8FBE214B3C7400D8A90D;
			remoteInfo = swift_learing;
		};
/* End PBXContainerItemProxy section */

/* Begin PBXFileReference section */
		2F1D8FBF214B3C7400D8A90D /* swift_learing.app */ = {isa = PBXFileReference; explicitFileType = wrapper.application; includeInIndex = 0; path = swift_learing.app; sourceTree = BUILT_PRODUCTS_DIR; };
		2F1D8FC2214B3C7400D8A90D /* AppDelegate.swift */ = {isa = PBXFileReference; lastKnownFileType = sourcecode.swift; path = AppDelegate.swift; sourceTree = "<group>"; };
		2F1D8FC4214B3C7400D8A90D /* ViewController.swift */ = {isa = PBXFileReference; lastKnownFileType = sourcecode.swift; path = ViewController.swift; sourceTree = "<group>"; };
		2F1D8FC7214B3C7400D8A90D /* Base */ = {isa = PBXFileReference; lastKnownFileType = file.storyboard; name = Base; path = Base.lproj/Main.storyboard; sourceTree = "<group>"; };
		2F1D8FC9214B3C7900D8A90D /* Assets.xcassets */ = {isa = PBXFileReference; lastKnownFileType = folder.assetcatalog; path = Assets.xcassets; sourceTree = "<group>"; };
		2F1D8FCC214B3C7900D8A90D /* Base */ = {isa = PBXFileReference; lastKnownFileType = file.storyboard; name = Base; path = Base.lproj/LaunchScreen.storyboard; sourceTree = "<group>"; };
		2F1D8FCE214B3C7900D8A90D /* Info.plist */ = {isa = PBXFileReference; lastKnownFileType = text.plist.xml; path = Info.plist; sourceTree = "<group>"; };
		2F1D8FD3214B3C7900D8A90D /* swift_learingTests.xctest */ = {isa = PBXFileReference; explicitFileType = wrapper.cfbundle; includeInIndex = 0; path = swift_learingTests.xctest; sourceTree = BUILT_PRODUCTS_DIR; };
		2F1D8FD7214B3C7900D8A90D /* swift_learingTests.swift */ = {isa = PBXFileReference; lastKnownFileType = sourcecode.swift; path = swift_learingTests.swift; sourceTree = "<group>"; };
		2F1D8FD9214B3C7900D8A90D /* Info.plist */ = {isa = PBXFileReference; lastKnownFileType = text.plist.xml; path = Info.plist; sourceTree = "<group>"; };
		2F1D8FDE214B3C7900D8A90D /* swift_learingUITests.xctest */ = {isa = PBXFileReference; explicitFileType = wrapper.cfbundle; includeInIndex = 0; path = swift_learingUITests.xctest; sourceTree = BUILT_PRODUCTS_DIR; };
		2F1D8FE2214B3C7900D8A90D /* swift_learingUITests.swift */ = {isa = PBXFileReference; lastKnownFileType = sourcecode.swift; path = swift_learingUITests.swift; sourceTree = "<group>"; };
		2F1D8FE4214B3C7900D8A90D /* Info.plist */ = {isa = PBXFileReference; lastKnownFileType = text.plist.xml; path = Info.plist; sourceTree = "<group>"; };
/* End PBXFileReference section */

/* Begin PBXFrameworksBuildPhase section */
		2F1D8FBC214B3C7400D8A90D /* Frameworks */ = {
			isa = PBXFrameworksBuildPhase;
			buildActionMask = 2147483647;
			files = (
			);
			runOnlyForDeploymentPostprocessing = 0;
		};
		2F1D8FD0214B3C7900D8A90D /* Frameworks */ = {
			isa = PBXFrameworksBuildPhase;
			buildActionMask = 2147483647;
			files = (
			);
			runOnlyForDeploymentPostprocessing = 0;
		};
		2F1D8FDB214B3C7900D8A90D /* Frameworks */ = {
			isa = PBXFrameworksBuildPhase;
			buildActionMask = 2147483647;
			files = (
			);
			runOnlyForDeploymentPostprocessing = 0;
		};
/* End PBXFrameworksBuildPhase section */

/* Begin PBXGroup section */
		2F1D8FB6214B3C7400D8A90D = {
			isa = PBXGroup;
			children = (
				2F1D8FC1214B3C7400D8A90D /* swift_learing */,
				2F1D8FD6214B3C7900D8A90D /* swift_learingTests */,
				2F1D8FE1214B3C7900D8A90D /* swift_learingUITests */,
				2F1D8FC0214B3C7400D8A90D /* Products */,
			);
			sourceTree = "<group>";
		};
		2F1D8FC0214B3C7400D8A90D /* Products */ = {
			isa = PBXGroup;
			children = (
				2F1D8FBF214B3C7400D8A90D /* swift_learing.app */,
				2F1D8FD3214B3C7900D8A90D /* swift_learingTests.xctest */,
				2F1D8FDE214B3C7900D8A90D /* swift_learingUITests.xctest */,
			);
			name = Products;
			sourceTree = "<group>";
		};
		2F1D8FC1214B3C7400D8A90D /* swift_learing */ = {
			isa = PBXGroup;
			children = (
				2F1D8FC2214B3C7400D8A90D /* AppDelegate.swift */,
				2F1D8FC4214B3C7400D8A90D /* ViewController.swift */,
				2F1D8FC6214B3C7400D8A90D /* Main.storyboard */,
				2F1D8FC9214B3C7900D8A90D /* Assets.xcassets */,
				2F1D8FCB214B3C7900D8A90D /* LaunchScreen.storyboard */,
				2F1D8FCE214B3C7900D8A90D /* Info.plist */,
			);
			path = swift_learing;
			sourceTree = "<group>";
		};
		2F1D8FD6214B3C7900D8A90D /* swift_learingTests */ = {
			isa = PBXGroup;
			children = (
				2F1D8FD7214B3C7900D8A90D /* swift_learingTests.swift */,
				2F1D8FD9214B3C7900D8A90D /* Info.plist */,
			);
			path = swift_learingTests;
			sourceTree = "<group>";
		};
		2F1D8FE1214B3C7900D8A90D /* swift_learingUITests */ = {
			isa = PBXGroup;
			children = (
				2F1D8FE2214B3C7900D8A90D /* swift_learingUITests.swift */,
				2F1D8FE4214B3C7900D8A90D /* Info.plist */,
			);
			path = swift_learingUITests;
			sourceTree = "<group>";
		};
/* End PBXGroup section */

/* Begin PBXNativeTarget section */
		2F1D8FBE214B3C7400D8A90D /* swift_learing */ = {
			isa = PBXNativeTarget;
			buildConfigurationList = 2F1D8FE7214B3C7900D8A90D /* Build configuration list for PBXNativeTarget "swift_learing" */;
			buildPhases = (
				2F1D8FBB214B3C7400D8A90D /* Sources */,
				2F1D8FBC214B3C7400D8A90D /* Frameworks */,
				2F1D8FBD214B3C7400D8A90D /* Resources */,
			);
			buildRules = (
			);
			dependencies = (
			);
			name = swift_learing;
			productName = swift_learing;
			productReference = 2F1D8FBF214B3C7400D8A90D /* swift_learing.app */;
			productType = "com.apple.product-type.application";
		};
		2F1D8FD2214B3C7900D8A90D /* swift_learingTests */ = {
			isa = PBXNativeTarget;
			buildConfigurationList = 2F1D8FEA214B3C7900D8A90D /* Build configuration list for PBXNativeTarget "swift_learingTests" */;
			buildPhases = (
				2F1D8FCF214B3C7900D8A90D /* Sources */,
				2F1D8FD0214B3C7900D8A90D /* Frameworks */,
				2F1D8FD1214B3C7900D8A90D /* Resources */,
			);
			buildRules = (
			);
			dependencies = (
				2F1D8FD5214B3C7900D8A90D /* PBXTargetDependency */,
			);
			name = swift_learingTests;
			productName = swift_learingTests;
			productReference = 2F1D8FD3214B3C7900D8A90D /* swift_learingTests.xctest */;
			productType = "com.apple.product-type.bundle.unit-test";
		};
		2F1D8FDD214B3C7900D8A90D /* swift_learingUITests */ = {
			isa = PBXNativeTarget;
			buildConfigurationList = 2F1D8FED214B3C7900D8A90D /* Build configuration list for PBXNativeTarget "swift_learingUITests" */;
			buildPhases = (
				2F1D8FDA214B3C7900D8A90D /* Sources */,
				2F1D8FDB214B3C7900D8A90D /* Frameworks */,
				2F1D8FDC214B3C7900D8A90D /* Resources */,
			);
			buildRules = (
			);
			dependencies = (
				2F1D8FE0214B3C7900D8A90D /* PBXTargetDependency */,
			);
			name = swift_learingUITests;
			productName = swift_learingUITests;
			productReference = 2F1D8FDE214B3C7900D8A90D /* swift_learingUITests.xctest */;
			productType = "com.apple.product-type.bundle.ui-testing";
		};
/* End PBXNativeTarget section */

/* Begin PBXProject section */
		2F1D8FB7214B3C7400D8A90D /* Project object */ = {
			isa = PBXProject;
			attributes = {
				LastSwiftUpdateCheck = 0940;
				LastUpgradeCheck = 0940;
				ORGANIZATIONNAME = yang;
				TargetAttributes = {
					2F1D8FBE214B3C7400D8A90D = {
						CreatedOnToolsVersion = 9.4.1;
					};
					2F1D8FD2214B3C7900D8A90D = {
						CreatedOnToolsVersion = 9.4.1;
						TestTargetID = 2F1D8FBE214B3C7400D8A90D;
					};
					2F1D8FDD214B3C7900D8A90D = {
						CreatedOnToolsVersion = 9.4.1;
						TestTargetID = 2F1D8FBE214B3C7400D8A90D;
					};
				};
			};
			buildConfigurationList = 2F1D8FBA214B3C7400D8A90D /* Build configuration list for PBXProject "swift_learing" */;
			compatibilityVersion = "Xcode 9.3";
			developmentRegion = en;
			hasScannedForEncodings = 0;
			knownRegions = (
				en,
				Base,
			);
			mainGroup = 2F1D8FB6214B3C7400D8A90D;
			productRefGroup = 2F1D8FC0214B3C7400D8A90D /* Products */;
			projectDirPath = "";
			projectRoot = "";
			targets = (
				2F1D8FBE214B3C7400D8A90D /* swift_learing */,
				2F1D8FD2214B3C7900D8A90D /* swift_learingTests */,
				2F1D8FDD214B3C7900D8A90D /* swift_learingUITests */,
			);
		};
/* End PBXProject section */

/* Begin PBXResourcesBuildPhase section */
		2F1D8FBD214B3C7400D8A90D /* Resources */ = {
			isa = PBXResourcesBuildPhase;
			buildActionMask = 2147483647;
			files = (
				2F1D8FCD214B3C7900D8A90D /* LaunchScreen.storyboard in Resources */,
				2F1D8FCA214B3C7900D8A90D /* Assets.xcassets in Resources */,
				2F1D8FC8214B3C7400D8A90D /* Main.storyboard in Resources */,
			);
			runOnlyForDeploymentPostprocessing = 0;
		};
		2F1D8FD1214B3C7900D8A90D /* Resources */ = {
			isa = PBXResourcesBuildPhase;
			buildActionMask = 2147483647;
			files = (
			);
			runOnlyForDeploymentPostprocessing = 0;
		};
		2F1D8FDC214B3C7900D8A90D /* Resources */ = {
			isa = PBXResourcesBuildPhase;
			buildActionMask = 2147483647;
			files = (
			);
			runOnlyForDeploymentPostprocessing = 0;
		};
/* End PBXResourcesBuildPhase section */

/* Begin PBXSourcesBuildPhase section */
		2F1D8FBB214B3C7400D8A90D /* Sources */ = {
			isa = PBXSourcesBuildPhase;
			buildActionMask = 2147483647;
			files = (
				2F1D8FC5214B3C7400D8A90D /* ViewController.swift in Sources */,
				2F1D8FC3214B3C7400D8A90D /* AppDelegate.swift in Sources */,
			);
			runOnlyForDeploymentPostprocessing = 0;
		};
		2F1D8FCF214B3C7900D8A90D /* Sources */ = {
			isa = PBXSourcesBuildPhase;
			buildActionMask = 2147483647;
			files = (
				2F1D8FD8214B3C7900D8A90D /* swift_learingTests.swift in Sources */,
			);
			runOnlyForDeploymentPostprocessing = 0;
		};
		2F1D8FDA214B3C7900D8A90D /* Sources */ = {
			isa = PBXSourcesBuildPhase;
			buildActionMask = 2147483647;
			files = (
				2F1D8FE3214B3C7900D8A90D /* swift_learingUITests.swift in Sources */,
			);
			runOnlyForDeploymentPostprocessing = 0;
		};
/* End PBXSourcesBuildPhase section */

/* Begin PBXTargetDependency section */
		2F1D8FD5214B3C7900D8A90D /* PBXTargetDependency */ = {
			isa = PBXTargetDependency;
			target = 2F1D8FBE214B3C7400D8A90D /* swift_learing */;
			targetProxy = 2F1D8FD4214B3C7900D8A90D /* PBXContainerItemProxy */;
		};
		2F1D8FE0214B3C7900D8A90D /* PBXTargetDependency */ = {
			isa = PBXTargetDependency;
			target = 2F1D8FBE214B3C7400D8A90D /* swift_learing */;
			targetProxy = 2F1D8FDF214B3C7900D8A90D /* PBXContainerItemProxy */;
		};
/* End PBXTargetDependency section */

/* Begin PBXVariantGroup section */
		2F1D8FC6214B3C7400D8A90D /* Main.storyboard */ = {
			isa = PBXVariantGroup;
			children = (
				2F1D8FC7214B3C7400D8A90D /* Base */,
			);
			name = Main.storyboard;
			sourceTree = "<group>";
		};
		2F1D8FCB214B3C7900D8A90D /* LaunchScreen.storyboard */ = {
			isa = PBXVariantGroup;
			children = (
				2F1D8FCC214B3C7900D8A90D /* Base */,
			);
			name = LaunchScreen.storyboard;
			sourceTree = "<group>";
		};
/* End PBXVariantGroup section */

/* Begin XCBuildConfiguration section */
		2F1D8FE5214B3C7900D8A90D /* Debug */ = {
			isa = XCBuildConfiguration;
			buildSettings = {
				ALWAYS_SEARCH_USER_PATHS = NO;
				CLANG_ANALYZER_NONNULL = YES;
				CLANG_ANALYZER_NUMBER_OBJECT_CONVERSION = YES_AGGRESSIVE;
				CLANG_CXX_LANGUAGE_STANDARD = "gnu++14";
				CLANG_CXX_LIBRARY = "libc++";
				CLANG_ENABLE_MODULES = YES;
				CLANG_ENABLE_OBJC_ARC = YES;
				CLANG_ENABLE_OBJC_WEAK = YES;
				CLANG_WARN_BLOCK_CAPTURE_AUTORELEASING = YES;
				CLANG_WARN_BOOL_CONVERSION = YES;
				CLANG_WARN_COMMA = YES;
				CLANG_WARN_CONSTANT_CONVERSION = YES;
				CLANG_WARN_DEPRECATED_OBJC_IMPLEMENTATIONS = YES;
				CLANG_WARN_DIRECT_OBJC_ISA_USAGE = YES_ERROR;
				CLANG_WARN_DOCUMENTATION_COMMENTS = YES;
				CLANG_WARN_EMPTY_BODY = YES;
				CLANG_WARN_ENUM_CONVERSION = YES;
				CLANG_WARN_INFINITE_RECURSION = YES;
				CLANG_WARN_INT_CONVERSION = YES;
				CLANG_WARN_NON_LITERAL_NULL_CONVERSION = YES;
				CLANG_WARN_OBJC_IMPLICIT_RETAIN_SELF = YES;
				CLANG_WARN_OBJC_LITERAL_CONVERSION = YES;
				CLANG_WARN_OBJC_ROOT_CLASS = YES_ERROR;
				CLANG_WARN_RANGE_LOOP_ANALYSIS = YES;
				CLANG_WARN_STRICT_PROTOTYPES = YES;
				CLANG_WARN_SUSPICIOUS_MOVE = YES;
				CLANG_WARN_UNGUARDED_AVAILABILITY = YES_AGGRESSIVE;
				CLANG_WARN_UNREACHABLE_CODE = YES;
				CLANG_WARN__DUPLICATE_METHOD_MATCH = YES;
				CODE_SIGN_IDENTITY = "iPhone Developer";
				COPY_PHASE_STRIP = NO;
				DEBUG_INFORMATION_FORMAT = dwarf;
				ENABLE_STRICT_OBJC_MSGSEND = YES;
				ENABLE_TESTABILITY = YES;
				GCC_C_LANGUAGE_STANDARD = gnu11;
				GCC_DYNAMIC_NO_PIC = NO;
				GCC_NO_COMMON_BLOCKS = YES;
				GCC_OPTIMIZATION_LEVEL = 0;
				GCC_PREPROCESSOR_DEFINITIONS = (
					"DEBUG=1",
					"$(inherited)",
				);
				GCC_WARN_64_TO_32_BIT_CONVERSION = YES;
				GCC_WARN_ABOUT_RETURN_TYPE = YES_ERROR;
				GCC_WARN_UNDECLARED_SELECTOR = YES;
				GCC_WARN_UNINITIALIZED_AUTOS = YES_AGGRESSIVE;
				GCC_WARN_UNUSED_FUNCTION = YES;
				GCC_WARN_UNUSED_VARIABLE = YES;
				IPHONEOS_DEPLOYMENT_TARGET = 11.4;
				MTL_ENABLE_DEBUG_INFO = YES;
				ONLY_ACTIVE_ARCH = YES;
				SDKROOT = iphoneos;
				SWIFT_ACTIVE_COMPILATION_CONDITIONS = DEBUG;
				SWIFT_OPTIMIZATION_LEVEL = "-Onone";
			};
			name = Debug;
		};
		2F1D8FE6214B3C7900D8A90D /* Release */ = {
			isa = XCBuildConfiguration;
			buildSettings = {
				ALWAYS_SEARCH_USER_PATHS = NO;
				CLANG_ANALYZER_NONNULL = YES;
				CLANG_ANALYZER_NUMBER_OBJECT_CONVERSION = YES_AGGRESSIVE;
				CLANG_CXX_LANGUAGE_STANDARD = "gnu++14";
				CLANG_CXX_LIBRARY = "libc++";
				CLANG_ENABLE_MODULES = YES;
				CLANG_ENABLE_OBJC_ARC = YES;
				CLANG_ENABLE_OBJC_WEAK = YES;
				CLANG_WARN_BLOCK_CAPTURE_AUTORELEASING = YES;
				CLANG_WARN_BOOL_CONVERSION = YES;
				CLANG_WARN_COMMA = YES;
				CLANG_WARN_CONSTANT_CONVERSION = YES;
				CLANG_WARN_DEPRECATED_OBJC_IMPLEMENTATIONS = YES;
				CLANG_WARN_DIRECT_OBJC_ISA_USAGE = YES_ERROR;
				CLANG_WARN_DOCUMENTATION_COMMENTS = YES;
				CLANG_WARN_EMPTY_BODY = YES;
				CLANG_WARN_ENUM_CONVERSION = YES;
				CLANG_WARN_INFINITE_RECURSION = YES;
				CLANG_WARN_INT_CONVERSION = YES;
				CLANG_WARN_NON_LITERAL_NULL_CONVERSION = YES;
				CLANG_WARN_OBJC_IMPLICIT_RETAIN_SELF = YES;
				CLANG_WARN_OBJC_LITERAL_CONVERSION = YES;
				CLANG_WARN_OBJC_ROOT_CLASS = YES_ERROR;
				CLANG_WARN_RANGE_LOOP_ANALYSIS = YES;
				CLANG_WARN_STRICT_PROTOTYPES = YES;
				CLANG_WARN_SUSPICIOUS_MOVE = YES;
				CLANG_WARN_UNGUARDED_AVAILABILITY = YES_AGGRESSIVE;
				CLANG_WARN_UNREACHABLE_CODE = YES;
				CLANG_WARN__DUPLICATE_METHOD_MATCH = YES;
				CODE_SIGN_IDENTITY = "iPhone Developer";
				COPY_PHASE_STRIP = NO;
				DEBUG_INFORMATION_FORMAT = "dwarf-with-dsym";
				ENABLE_NS_ASSERTIONS = NO;
				ENABLE_STRICT_OBJC_MSGSEND = YES;
				GCC_C_LANGUAGE_STANDARD = gnu11;
				GCC_NO_COMMON_BLOCKS = YES;
				GCC_WARN_64_TO_32_BIT_CONVERSION = YES;
				GCC_WARN_ABOUT_RETURN_TYPE = YES_ERROR;
				GCC_WARN_UNDECLARED_SELECTOR = YES;
				GCC_WARN_UNINITIALIZED_AUTOS = YES_AGGRESSIVE;
				GCC_WARN_UNUSED_FUNCTION = YES;
				GCC_WARN_UNUSED_VARIABLE = YES;
				IPHONEOS_DEPLOYMENT_TARGET = 11.4;
				MTL_ENABLE_DEBUG_INFO = NO;
				SDKROOT = iphoneos;
				SWIFT_COMPILATION_MODE = wholemodule;
				SWIFT_OPTIMIZATION_LEVEL = "-O";
				VALIDATE_PRODUCT = YES;
			};
			name = Release;
		};
		2F1D8FE8214B3C7900D8A90D /* Debug */ = {
			isa = XCBuildConfiguration;
			buildSettings = {
				ASSETCATALOG_COMPILER_APPICON_NAME = AppIcon;
				CODE_SIGN_STYLE = Automatic;
				DEVELOPMENT_TEAM = 2C5J4X74VC;
				INFOPLIST_FILE = swift_learing/Info.plist;
				LD_RUNPATH_SEARCH_PATHS = (
					"$(inherited)",
					"@executable_path/Frameworks",
				);
				PRODUCT_BUNDLE_IDENTIFIER = "yangyang.swift-learing";
				PRODUCT_NAME = "$(TARGET_NAME)";
				SWIFT_VERSION = 4.0;
				TARGETED_DEVICE_FAMILY = "1,2";
			};
			name = Debug;
		};
		2F1D8FE9214B3C7900D8A90D /* Release */ = {
			isa = XCBuildConfiguration;
			buildSettings = {
				ASSETCATALOG_COMPILER_APPICON_NAME = AppIcon;
				CODE_SIGN_STYLE = Automatic;
				DEVELOPMENT_TEAM = 2C5J4X74VC;
				INFOPLIST_FILE = swift_learing/Info.plist;
				LD_RUNPATH_SEARCH_PATHS = (
					"$(inherited)",
					"@executable_path/Frameworks",
				);
				PRODUCT_BUNDLE_IDENTIFIER = "yangyang.swift-learing";
				PRODUCT_NAME = "$(TARGET_NAME)";
				SWIFT_VERSION = 4.0;
				TARGETED_DEVICE_FAMILY = "1,2";
			};
			name = Release;
		};
		2F1D8FEB214B3C7900D8A90D /* Debug */ = {
			isa = XCBuildConfiguration;
			buildSettings = {
				ALWAYS_EMBED_SWIFT_STANDARD_LIBRARIES = YES;
				BUNDLE_LOADER = "$(TEST_HOST)";
				CODE_SIGN_STYLE = Automatic;
				DEVELOPMENT_TEAM = 2C5J4X74VC;
				INFOPLIST_FILE = swift_learingTests/Info.plist;
				LD_RUNPATH_SEARCH_PATHS = (
					"$(inherited)",
					"@executable_path/Frameworks",
					"@loader_path/Frameworks",
				);
				PRODUCT_BUNDLE_IDENTIFIER = "yangyang.swift-learingTests";
				PRODUCT_NAME = "$(TARGET_NAME)";
				SWIFT_VERSION = 4.0;
				TARGETED_DEVICE_FAMILY = "1,2";
				TEST_HOST = "$(BUILT_PRODUCTS_DIR)/swift_learing.app/swift_learing";
			};
			name = Debug;
		};
		2F1D8FEC214B3C7900D8A90D /* Release */ = {
			isa = XCBuildConfiguration;
			buildSettings = {
				ALWAYS_EMBED_SWIFT_STANDARD_LIBRARIES = YES;
				BUNDLE_LOADER = "$(TEST_HOST)";
				CODE_SIGN_STYLE = Automatic;
				DEVELOPMENT_TEAM = 2C5J4X74VC;
				INFOPLIST_FILE = swift_learingTests/Info.plist;
				LD_RUNPATH_SEARCH_PATHS = (
					"$(inherited)",
					"@executable_path/Frameworks",
					"@loader_path/Frameworks",
				);
				PRODUCT_BUNDLE_IDENTIFIER = "yangyang.swift-learingTests";
				PRODUCT_NAME = "$(TARGET_NAME)";
				SWIFT_VERSION = 4.0;
				TARGETED_DEVICE_FAMILY = "1,2";
				TEST_HOST = "$(BUILT_PRODUCTS_DIR)/swift_learing.app/swift_learing";
			};
			name = Release;
		};
		2F1D8FEE214B3C7900D8A90D /* Debug */ = {
			isa = XCBuildConfiguration;
			buildSettings = {
				ALWAYS_EMBED_SWIFT_STANDARD_LIBRARIES = YES;
				CODE_SIGN_STYLE = Automatic;
				DEVELOPMENT_TEAM = 2C5J4X74VC;
				INFOPLIST_FILE = swift_learingUITests/Info.plist;
				LD_RUNPATH_SEARCH_PATHS = (
					"$(inherited)",
					"@executable_path/Frameworks",
					"@loader_path/Frameworks",
				);
				PRODUCT_BUNDLE_IDENTIFIER = "yangyang.swift-learingUITests";
				PRODUCT_NAME = "$(TARGET_NAME)";
				SWIFT_VERSION = 4.0;
				TARGETED_DEVICE_FAMILY = "1,2";
				TEST_TARGET_NAME = swift_learing;
			};
			name = Debug;
		};
		2F1D8FEF214B3C7900D8A90D /* Release */ = {
			isa = XCBuildConfiguration;
			buildSettings = {
				ALWAYS_EMBED_SWIFT_STANDARD_LIBRARIES = YES;
				CODE_SIGN_STYLE = Automatic;
				DEVELOPMENT_TEAM = 2C5J4X74VC;
				INFOPLIST_FILE = swift_learingUITests/Info.plist;
				LD_RUNPATH_SEARCH_PATHS = (
					"$(inherited)",
					"@executable_path/Frameworks",
					"@loader_path/Frameworks",
				);
				PRODUCT_BUNDLE_IDENTIFIER = "yangyang.swift-learingUITests";
				PRODUCT_NAME = "$(TARGET_NAME)";
				SWIFT_VERSION = 4.0;
				TARGETED_DEVICE_FAMILY = "1,2";
				TEST_TARGET_NAME = swift_learing;
			};
			name = Release;
		};
/* End XCBuildConfiguration section */

/* Begin XCConfigurationList section */
		2F1D8FBA214B3C7400D8A90D /* Build configuration list for PBXProject "swift_learing" */ = {
			isa = XCConfigurationList;
			buildConfigurations = (
				2F1D8FE5214B3C7900D8A90D /* Debug */,
				2F1D8FE6214B3C7900D8A90D /* Release */,
			);
			defaultConfigurationIsVisible = 0;
			defaultConfigurationName = Release;
		};
		2F1D8FE7214B3C7900D8A90D /* Build configuration list for PBXNativeTarget "swift_learing" */ = {
			isa = XCConfigurationList;
			buildConfigurations = (
				2F1D8FE8214B3C7900D8A90D /* Debug */,
				2F1D8FE9214B3C7900D8A90D /* Release */,
			);
			defaultConfigurationIsVisible = 0;
			defaultConfigurationName = Release;
		};
		2F1D8FEA214B3C7900D8A90D /* Build configuration list for PBXNativeTarget "swift_learingTests" */ = {
			isa = XCConfigurationList;
			buildConfigurations = (
				2F1D8FEB214B3C7900D8A90D /* Debug */,
				2F1D8FEC214B3C7900D8A90D /* Release */,
			);
			defaultConfigurationIsVisible = 0;
			defaultConfigurationName = Release;
		};
		2F1D8FED214B3C7900D8A90D /* Build configuration list for PBXNativeTarget "swift_learingUITests" */ = {
			isa = XCConfigurationList;
			buildConfigurations = (
				2F1D8FEE214B3C7900D8A90D /* Debug */,
				2F1D8FEF214B3C7900D8A90D /* Release */,
			);
			defaultConfigurationIsVisible = 0;
			defaultConfigurationName = Release;
		};
/* End XCConfigurationList section */
	};
	rootObject = 2F1D8FB7214B3C7400D8A90D /* Project object */;
}
